// !$*UTF8*$!
{
	archiveVersion = 1;
	classes = {
	};
	objectVersion = 51;
	objects = {

/* Begin PBXBuildFile section */
		7F8AB1006ABCDB2693B00E8C /* Pods_NavBar.framework in Frameworks */ = {isa = PBXBuildFile; fileRef = D5BB0B5FE8F715BB57C9AF4A /* Pods_NavBar.framework */; };
		85F58F9E23E411A700A4752D /* AppDelegate.swift in Sources */ = {isa = PBXBuildFile; fileRef = 85F58F9D23E411A700A4752D /* AppDelegate.swift */; };
		85F58FA223E411A700A4752D /* ViewController.swift in Sources */ = {isa = PBXBuildFile; fileRef = 85F58FA123E411A700A4752D /* ViewController.swift */; };
		85F58FA523E411A700A4752D /* Main.storyboard in Resources */ = {isa = PBXBuildFile; fileRef = 85F58FA323E411A700A4752D /* Main.storyboard */; };
		85F58FA723E411AC00A4752D /* Assets.xcassets in Resources */ = {isa = PBXBuildFile; fileRef = 85F58FA623E411AC00A4752D /* Assets.xcassets */; };
		85F58FAA23E411AC00A4752D /* LaunchScreen.storyboard in Resources */ = {isa = PBXBuildFile; fileRef = 85F58FA823E411AC00A4752D /* LaunchScreen.storyboard */; };
		85F58FB223E4122A00A4752D /* MainNavigation.swift in Sources */ = {isa = PBXBuildFile; fileRef = 85F58FB123E4122A00A4752D /* MainNavigation.swift */; };
		85FD585023E43872003AF689 /* R.generated.swift in Sources */ = {isa = PBXBuildFile; fileRef = 85FD584F23E43872003AF689 /* R.generated.swift */; };
		85FD585423E439FC003AF689 /* SFProDisplay-Medium.otf in Resources */ = {isa = PBXBuildFile; fileRef = 85FD585223E439FC003AF689 /* SFProDisplay-Medium.otf */; };
		85FD585523E439FC003AF689 /* SFProDisplay-Bold.otf in Resources */ = {isa = PBXBuildFile; fileRef = 85FD585323E439FC003AF689 /* SFProDisplay-Bold.otf */; };
		85FD585723E44227003AF689 /* SecondController.swift in Sources */ = {isa = PBXBuildFile; fileRef = 85FD585623E44227003AF689 /* SecondController.swift */; };
		85FD585923E4466B003AF689 /* SFProText-Regular.otf in Resources */ = {isa = PBXBuildFile; fileRef = 85FD585823E4466B003AF689 /* SFProText-Regular.otf */; };
		A1C9478E23F0A838006C653B /* NavBarType1.xib in Resources */ = {isa = PBXBuildFile; fileRef = A1C9478D23F0A838006C653B /* NavBarType1.xib */; };
		A1C9479023F0AF0D006C653B /* NavBarType1.swift in Sources */ = {isa = PBXBuildFile; fileRef = A1C9478F23F0AF0D006C653B /* NavBarType1.swift */; };
/* End PBXBuildFile section */

/* Begin PBXFileReference section */
		85F58F9A23E411A700A4752D /* NavBar.app */ = {isa = PBXFileReference; explicitFileType = wrapper.application; includeInIndex = 0; path = NavBar.app; sourceTree = BUILT_PRODUCTS_DIR; };
		85F58F9D23E411A700A4752D /* AppDelegate.swift */ = {isa = PBXFileReference; lastKnownFileType = sourcecode.swift; path = AppDelegate.swift; sourceTree = "<group>"; };
		85F58FA123E411A700A4752D /* ViewController.swift */ = {isa = PBXFileReference; lastKnownFileType = sourcecode.swift; path = ViewController.swift; sourceTree = "<group>"; };
		85F58FA423E411A700A4752D /* Base */ = {isa = PBXFileReference; lastKnownFileType = file.storyboard; name = Base; path = Base.lproj/Main.storyboard; sourceTree = "<group>"; };
		85F58FA623E411AC00A4752D /* Assets.xcassets */ = {isa = PBXFileReference; lastKnownFileType = folder.assetcatalog; path = Assets.xcassets; sourceTree = "<group>"; };
		85F58FA923E411AC00A4752D /* Base */ = {isa = PBXFileReference; lastKnownFileType = file.storyboard; name = Base; path = Base.lproj/LaunchScreen.storyboard; sourceTree = "<group>"; };
		85F58FAB23E411AC00A4752D /* Info.plist */ = {isa = PBXFileReference; lastKnownFileType = text.plist.xml; path = Info.plist; sourceTree = "<group>"; };
		85F58FB123E4122A00A4752D /* MainNavigation.swift */ = {isa = PBXFileReference; lastKnownFileType = sourcecode.swift; path = MainNavigation.swift; sourceTree = "<group>"; };
		85FD584F23E43872003AF689 /* R.generated.swift */ = {isa = PBXFileReference; fileEncoding = 4; lastKnownFileType = sourcecode.swift; path = R.generated.swift; sourceTree = SOURCE_ROOT; };
		85FD585223E439FC003AF689 /* SFProDisplay-Medium.otf */ = {isa = PBXFileReference; lastKnownFileType = file; path = "SFProDisplay-Medium.otf"; sourceTree = "<group>"; };
		85FD585323E439FC003AF689 /* SFProDisplay-Bold.otf */ = {isa = PBXFileReference; lastKnownFileType = file; path = "SFProDisplay-Bold.otf"; sourceTree = "<group>"; };
		85FD585623E44227003AF689 /* SecondController.swift */ = {isa = PBXFileReference; lastKnownFileType = sourcecode.swift; path = SecondController.swift; sourceTree = "<group>"; };
		85FD585823E4466B003AF689 /* SFProText-Regular.otf */ = {isa = PBXFileReference; lastKnownFileType = file; path = "SFProText-Regular.otf"; sourceTree = "<group>"; };
		8D21F1E26A24871AD1DA36EA /* Pods-NavBar.release.xcconfig */ = {isa = PBXFileReference; includeInIndex = 1; lastKnownFileType = text.xcconfig; name = "Pods-NavBar.release.xcconfig"; path = "Target Support Files/Pods-NavBar/Pods-NavBar.release.xcconfig"; sourceTree = "<group>"; };
		A1C9478D23F0A838006C653B /* NavBarType1.xib */ = {isa = PBXFileReference; lastKnownFileType = file.xib; path = NavBarType1.xib; sourceTree = "<group>"; };
		A1C9478F23F0AF0D006C653B /* NavBarType1.swift */ = {isa = PBXFileReference; lastKnownFileType = sourcecode.swift; path = NavBarType1.swift; sourceTree = "<group>"; };
		D5BB0B5FE8F715BB57C9AF4A /* Pods_NavBar.framework */ = {isa = PBXFileReference; explicitFileType = wrapper.framework; includeInIndex = 0; path = Pods_NavBar.framework; sourceTree = BUILT_PRODUCTS_DIR; };
		F46302B6F05D028CA73758A7 /* Pods-NavBar.debug.xcconfig */ = {isa = PBXFileReference; includeInIndex = 1; lastKnownFileType = text.xcconfig; name = "Pods-NavBar.debug.xcconfig"; path = "Target Support Files/Pods-NavBar/Pods-NavBar.debug.xcconfig"; sourceTree = "<group>"; };
/* End PBXFileReference section */

/* Begin PBXFrameworksBuildPhase section */
		85F58F9723E411A700A4752D /* Frameworks */ = {
			isa = PBXFrameworksBuildPhase;
			buildActionMask = 2147483647;
			files = (
				7F8AB1006ABCDB2693B00E8C /* Pods_NavBar.framework in Frameworks */,
			);
			runOnlyForDeploymentPostprocessing = 0;
		};
/* End PBXFrameworksBuildPhase section */

/* Begin PBXGroup section */
		85F58F9123E411A700A4752D = {
			isa = PBXGroup;
			children = (
				85F58F9C23E411A700A4752D /* NavBar */,
				85F58F9B23E411A700A4752D /* Products */,
				A9D36336423C01CD6046F888 /* Pods */,
				BEF1C5217D95192159911CE9 /* Frameworks */,
			);
			sourceTree = "<group>";
		};
		85F58F9B23E411A700A4752D /* Products */ = {
			isa = PBXGroup;
			children = (
				85F58F9A23E411A700A4752D /* NavBar.app */,
			);
			name = Products;
			sourceTree = "<group>";
		};
		85F58F9C23E411A700A4752D /* NavBar */ = {
			isa = PBXGroup;
			children = (
				85FD584F23E43872003AF689 /* R.generated.swift */,
				85F58FB323E4125200A4752D /* App */,
				85FD585123E439A3003AF689 /* Fonts */,
				85F58FA123E411A700A4752D /* ViewController.swift */,
				85F58FB123E4122A00A4752D /* MainNavigation.swift */,
				85FD585623E44227003AF689 /* SecondController.swift */,
				A1C9479123F0AF13006C653B /* NavBarType1 */,
			);
			path = NavBar;
			sourceTree = "<group>";
		};
		85F58FB323E4125200A4752D /* App */ = {
			isa = PBXGroup;
			children = (
				85F58F9D23E411A700A4752D /* AppDelegate.swift */,
				85F58FA323E411A700A4752D /* Main.storyboard */,
				85F58FA623E411AC00A4752D /* Assets.xcassets */,
				85F58FA823E411AC00A4752D /* LaunchScreen.storyboard */,
				85F58FAB23E411AC00A4752D /* Info.plist */,
			);
			path = App;
			sourceTree = "<group>";
		};
		85FD585123E439A3003AF689 /* Fonts */ = {
			isa = PBXGroup;
			children = (
				85FD585823E4466B003AF689 /* SFProText-Regular.otf */,
				85FD585323E439FC003AF689 /* SFProDisplay-Bold.otf */,
				85FD585223E439FC003AF689 /* SFProDisplay-Medium.otf */,
			);
			path = Fonts;
			sourceTree = "<group>";
		};
		A1C9479123F0AF13006C653B /* NavBarType1 */ = {
			isa = PBXGroup;
			children = (
				A1C9478D23F0A838006C653B /* NavBarType1.xib */,
				A1C9478F23F0AF0D006C653B /* NavBarType1.swift */,
			);
			path = NavBarType1;
			sourceTree = "<group>";
		};
		A9D36336423C01CD6046F888 /* Pods */ = {
			isa = PBXGroup;
			children = (
				F46302B6F05D028CA73758A7 /* Pods-NavBar.debug.xcconfig */,
				8D21F1E26A24871AD1DA36EA /* Pods-NavBar.release.xcconfig */,
			);
			path = Pods;
			sourceTree = "<group>";
		};
		BEF1C5217D95192159911CE9 /* Frameworks */ = {
			isa = PBXGroup;
			children = (
				D5BB0B5FE8F715BB57C9AF4A /* Pods_NavBar.framework */,
			);
			name = Frameworks;
			sourceTree = "<group>";
		};
/* End PBXGroup section */

/* Begin PBXNativeTarget section */
		85F58F9923E411A700A4752D /* NavBar */ = {
			isa = PBXNativeTarget;
			buildConfigurationList = 85F58FAE23E411AC00A4752D /* Build configuration list for PBXNativeTarget "NavBar" */;
			buildPhases = (
				AD126544EA69845E6823F088 /* [CP] Check Pods Manifest.lock */,
				85FD584E23E436B8003AF689 /* R.swift */,
				85F58F9623E411A700A4752D /* Sources */,
				85F58F9723E411A700A4752D /* Frameworks */,
				85F58F9823E411A700A4752D /* Resources */,
				CC10310F9B6FD3204D11053D /* [CP] Embed Pods Frameworks */,
			);
			buildRules = (
			);
			dependencies = (
			);
			name = NavBar;
			productName = NavBar;
			productReference = 85F58F9A23E411A700A4752D /* NavBar.app */;
			productType = "com.apple.product-type.application";
		};
/* End PBXNativeTarget section */

/* Begin PBXProject section */
		85F58F9223E411A700A4752D /* Project object */ = {
			isa = PBXProject;
			attributes = {
				LastSwiftUpdateCheck = 1130;
				LastUpgradeCheck = 1130;
				ORGANIZATIONNAME = Stanislav;
				TargetAttributes = {
					85F58F9923E411A700A4752D = {
						CreatedOnToolsVersion = 11.3;
					};
				};
			};
			buildConfigurationList = 85F58F9523E411A700A4752D /* Build configuration list for PBXProject "NavBar" */;
			compatibilityVersion = "Xcode 9.3";
			developmentRegion = en;
			hasScannedForEncodings = 0;
			knownRegions = (
				en,
				Base,
			);
			mainGroup = 85F58F9123E411A700A4752D;
			productRefGroup = 85F58F9B23E411A700A4752D /* Products */;
			projectDirPath = "";
			projectRoot = "";
			targets = (
				85F58F9923E411A700A4752D /* NavBar */,
			);
		};
/* End PBXProject section */

/* Begin PBXResourcesBuildPhase section */
		85F58F9823E411A700A4752D /* Resources */ = {
			isa = PBXResourcesBuildPhase;
			buildActionMask = 2147483647;
			files = (
				A1C9478E23F0A838006C653B /* NavBarType1.xib in Resources */,
				85FD585423E439FC003AF689 /* SFProDisplay-Medium.otf in Resources */,
				85F58FAA23E411AC00A4752D /* LaunchScreen.storyboard in Resources */,
				85FD585523E439FC003AF689 /* SFProDisplay-Bold.otf in Resources */,
				85F58FA723E411AC00A4752D /* Assets.xcassets in Resources */,
				85FD585923E4466B003AF689 /* SFProText-Regular.otf in Resources */,
				85F58FA523E411A700A4752D /* Main.storyboard in Resources */,
			);
			runOnlyForDeploymentPostprocessing = 0;
		};
/* End PBXResourcesBuildPhase section */

/* Begin PBXShellScriptBuildPhase section */
		85FD584E23E436B8003AF689 /* R.swift */ = {
			isa = PBXShellScriptBuildPhase;
			buildActionMask = 2147483647;
			files = (
			);
			inputFileListPaths = (
			);
			inputPaths = (
				"$TEMP_DIR/rswift-lastrun",
			);
			name = R.swift;
			outputFileListPaths = (
			);
			outputPaths = (
				$SRCROOT/R.generated.swift,
			);
			runOnlyForDeploymentPostprocessing = 0;
			shellPath = /bin/sh;
			shellScript = "\"$PODS_ROOT/R.swift/rswift\" generate \"$SRCROOT/R.generated.swift\"\n";
		};
		AD126544EA69845E6823F088 /* [CP] Check Pods Manifest.lock */ = {
			isa = PBXShellScriptBuildPhase;
			buildActionMask = 2147483647;
			files = (
			);
			inputFileListPaths = (
			);
			inputPaths = (
				"${PODS_PODFILE_DIR_PATH}/Podfile.lock",
				"${PODS_ROOT}/Manifest.lock",
			);
			name = "[CP] Check Pods Manifest.lock";
			outputFileListPaths = (
			);
			outputPaths = (
				"$(DERIVED_FILE_DIR)/Pods-NavBar-checkManifestLockResult.txt",
			);
			runOnlyForDeploymentPostprocessing = 0;
			shellPath = /bin/sh;
			shellScript = "diff \"${PODS_PODFILE_DIR_PATH}/Podfile.lock\" \"${PODS_ROOT}/Manifest.lock\" > /dev/null\nif [ $? != 0 ] ; then\n    # print error to STDERR\n    echo \"error: The sandbox is not in sync with the Podfile.lock. Run 'pod install' or update your CocoaPods installation.\" >&2\n    exit 1\nfi\n# This output is used by Xcode 'outputs' to avoid re-running this script phase.\necho \"SUCCESS\" > \"${SCRIPT_OUTPUT_FILE_0}\"\n";
			showEnvVarsInLog = 0;
		};
		CC10310F9B6FD3204D11053D /* [CP] Embed Pods Frameworks */ = {
			isa = PBXShellScriptBuildPhase;
			buildActionMask = 2147483647;
			files = (
			);
			inputFileListPaths = (
				"${PODS_ROOT}/Target Support Files/Pods-NavBar/Pods-NavBar-frameworks-${CONFIGURATION}-input-files.xcfilelist",
			);
			name = "[CP] Embed Pods Frameworks";
			outputFileListPaths = (
				"${PODS_ROOT}/Target Support Files/Pods-NavBar/Pods-NavBar-frameworks-${CONFIGURATION}-output-files.xcfilelist",
			);
			runOnlyForDeploymentPostprocessing = 0;
			shellPath = /bin/sh;
			shellScript = "\"${PODS_ROOT}/Target Support Files/Pods-NavBar/Pods-NavBar-frameworks.sh\"\n";
			showEnvVarsInLog = 0;
		};
/* End PBXShellScriptBuildPhase section */

/* Begin PBXSourcesBuildPhase section */
		85F58F9623E411A700A4752D /* Sources */ = {
			isa = PBXSourcesBuildPhase;
			buildActionMask = 2147483647;
			files = (
				85F58FB223E4122A00A4752D /* MainNavigation.swift in Sources */,
				85F58FA223E411A700A4752D /* ViewController.swift in Sources */,
				85F58F9E23E411A700A4752D /* AppDelegate.swift in Sources */,
				85FD585023E43872003AF689 /* R.generated.swift in Sources */,
				85FD585723E44227003AF689 /* SecondController.swift in Sources */,
				A1C9479023F0AF0D006C653B /* NavBarType1.swift in Sources */,
			);
			runOnlyForDeploymentPostprocessing = 0;
		};
/* End PBXSourcesBuildPhase section */

/* Begin PBXVariantGroup section */
		85F58FA323E411A700A4752D /* Main.storyboard */ = {
			isa = PBXVariantGroup;
			children = (
				85F58FA423E411A700A4752D /* Base */,
			);
			name = Main.storyboard;
			sourceTree = "<group>";
		};
		85F58FA823E411AC00A4752D /* LaunchScreen.storyboard */ = {
			isa = PBXVariantGroup;
			children = (
				85F58FA923E411AC00A4752D /* Base */,
			);
			name = LaunchScreen.storyboard;
			sourceTree = "<group>";
		};
/* End PBXVariantGroup section */

/* Begin XCBuildConfiguration section */
		85F58FAC23E411AC00A4752D /* Debug */ = {
			isa = XCBuildConfiguration;
			buildSettings = {
				ALWAYS_SEARCH_USER_PATHS = NO;
				CLANG_ANALYZER_NONNULL = YES;
				CLANG_ANALYZER_NUMBER_OBJECT_CONVERSION = YES_AGGRESSIVE;
				CLANG_CXX_LANGUAGE_STANDARD = "gnu++14";
				CLANG_CXX_LIBRARY = "libc++";
				CLANG_ENABLE_MODULES = YES;
				CLANG_ENABLE_OBJC_ARC = YES;
				CLANG_ENABLE_OBJC_WEAK = YES;
				CLANG_WARN_BLOCK_CAPTURE_AUTORELEASING = YES;
				CLANG_WARN_BOOL_CONVERSION = YES;
				CLANG_WARN_COMMA = YES;
				CLANG_WARN_CONSTANT_CONVERSION = YES;
				CLANG_WARN_DEPRECATED_OBJC_IMPLEMENTATIONS = YES;
				CLANG_WARN_DIRECT_OBJC_ISA_USAGE = YES_ERROR;
				CLANG_WARN_DOCUMENTATION_COMMENTS = YES;
				CLANG_WARN_EMPTY_BODY = YES;
				CLANG_WARN_ENUM_CONVERSION = YES;
				CLANG_WARN_INFINITE_RECURSION = YES;
				CLANG_WARN_INT_CONVERSION = YES;
				CLANG_WARN_NON_LITERAL_NULL_CONVERSION = YES;
				CLANG_WARN_OBJC_IMPLICIT_RETAIN_SELF = YES;
				CLANG_WARN_OBJC_LITERAL_CONVERSION = YES;
				CLANG_WARN_OBJC_ROOT_CLASS = YES_ERROR;
				CLANG_WARN_RANGE_LOOP_ANALYSIS = YES;
				CLANG_WARN_STRICT_PROTOTYPES = YES;
				CLANG_WARN_SUSPICIOUS_MOVE = YES;
				CLANG_WARN_UNGUARDED_AVAILABILITY = YES_AGGRESSIVE;
				CLANG_WARN_UNREACHABLE_CODE = YES;
				CLANG_WARN__DUPLICATE_METHOD_MATCH = YES;
				COPY_PHASE_STRIP = NO;
				DEBUG_INFORMATION_FORMAT = dwarf;
				ENABLE_STRICT_OBJC_MSGSEND = YES;
				ENABLE_TESTABILITY = YES;
				GCC_C_LANGUAGE_STANDARD = gnu11;
				GCC_DYNAMIC_NO_PIC = NO;
				GCC_NO_COMMON_BLOCKS = YES;
				GCC_OPTIMIZATION_LEVEL = 0;
				GCC_PREPROCESSOR_DEFINITIONS = (
					"DEBUG=1",
					"$(inherited)",
				);
				GCC_WARN_64_TO_32_BIT_CONVERSION = YES;
				GCC_WARN_ABOUT_RETURN_TYPE = YES_ERROR;
				GCC_WARN_UNDECLARED_SELECTOR = YES;
				GCC_WARN_UNINITIALIZED_AUTOS = YES_AGGRESSIVE;
				GCC_WARN_UNUSED_FUNCTION = YES;
				GCC_WARN_UNUSED_VARIABLE = YES;
				IPHONEOS_DEPLOYMENT_TARGET = 13.2;
				MTL_ENABLE_DEBUG_INFO = INCLUDE_SOURCE;
				MTL_FAST_MATH = YES;
				ONLY_ACTIVE_ARCH = YES;
				SDKROOT = iphoneos;
				SWIFT_ACTIVE_COMPILATION_CONDITIONS = DEBUG;
				SWIFT_OPTIMIZATION_LEVEL = "-Onone";
			};
			name = Debug;
		};
		85F58FAD23E411AC00A4752D /* Release */ = {
			isa = XCBuildConfiguration;
			buildSettings = {
				ALWAYS_SEARCH_USER_PATHS = NO;
				CLANG_ANALYZER_NONNULL = YES;
				CLANG_ANALYZER_NUMBER_OBJECT_CONVERSION = YES_AGGRESSIVE;
				CLANG_CXX_LANGUAGE_STANDARD = "gnu++14";
				CLANG_CXX_LIBRARY = "libc++";
				CLANG_ENABLE_MODULES = YES;
				CLANG_ENABLE_OBJC_ARC = YES;
				CLANG_ENABLE_OBJC_WEAK = YES;
				CLANG_WARN_BLOCK_CAPTURE_AUTORELEASING = YES;
				CLANG_WARN_BOOL_CONVERSION = YES;
				CLANG_WARN_COMMA = YES;
				CLANG_WARN_CONSTANT_CONVERSION = YES;
				CLANG_WARN_DEPRECATED_OBJC_IMPLEMENTATIONS = YES;
				CLANG_WARN_DIRECT_OBJC_ISA_USAGE = YES_ERROR;
				CLANG_WARN_DOCUMENTATION_COMMENTS = YES;
				CLANG_WARN_EMPTY_BODY = YES;
				CLANG_WARN_ENUM_CONVERSION = YES;
				CLANG_WARN_INFINITE_RECURSION = YES;
				CLANG_WARN_INT_CONVERSION = YES;
				CLANG_WARN_NON_LITERAL_NULL_CONVERSION = YES;
				CLANG_WARN_OBJC_IMPLICIT_RETAIN_SELF = YES;
				CLANG_WARN_OBJC_LITERAL_CONVERSION = YES;
				CLANG_WARN_OBJC_ROOT_CLASS = YES_ERROR;
				CLANG_WARN_RANGE_LOOP_ANALYSIS = YES;
				CLANG_WARN_STRICT_PROTOTYPES = YES;
				CLANG_WARN_SUSPICIOUS_MOVE = YES;
				CLANG_WARN_UNGUARDED_AVAILABILITY = YES_AGGRESSIVE;
				CLANG_WARN_UNREACHABLE_CODE = YES;
				CLANG_WARN__DUPLICATE_METHOD_MATCH = YES;
				COPY_PHASE_STRIP = NO;
				DEBUG_INFORMATION_FORMAT = "dwarf-with-dsym";
				ENABLE_NS_ASSERTIONS = NO;
				ENABLE_STRICT_OBJC_MSGSEND = YES;
				GCC_C_LANGUAGE_STANDARD = gnu11;
				GCC_NO_COMMON_BLOCKS = YES;
				GCC_WARN_64_TO_32_BIT_CONVERSION = YES;
				GCC_WARN_ABOUT_RETURN_TYPE = YES_ERROR;
				GCC_WARN_UNDECLARED_SELECTOR = YES;
				GCC_WARN_UNINITIALIZED_AUTOS = YES_AGGRESSIVE;
				GCC_WARN_UNUSED_FUNCTION = YES;
				GCC_WARN_UNUSED_VARIABLE = YES;
				IPHONEOS_DEPLOYMENT_TARGET = 13.2;
				MTL_ENABLE_DEBUG_INFO = NO;
				MTL_FAST_MATH = YES;
				SDKROOT = iphoneos;
				SWIFT_COMPILATION_MODE = wholemodule;
				SWIFT_OPTIMIZATION_LEVEL = "-O";
				VALIDATE_PRODUCT = YES;
			};
			name = Release;
		};
		85F58FAF23E411AC00A4752D /* Debug */ = {
			isa = XCBuildConfiguration;
			baseConfigurationReference = F46302B6F05D028CA73758A7 /* Pods-NavBar.debug.xcconfig */;
			buildSettings = {
				ASSETCATALOG_COMPILER_APPICON_NAME = AppIcon;
				CODE_SIGN_STYLE = Automatic;
				CURRENT_PROJECT_VERSION = 2;
				DEVELOPMENT_TEAM = R58RUDK762;
				INFOPLIST_FILE = "$(SRCROOT)/NavBar/App/Info.plist";
				IPHONEOS_DEPLOYMENT_TARGET = 11.0;
				LD_RUNPATH_SEARCH_PATHS = (
					"$(inherited)",
					"@executable_path/Frameworks",
				);
				MARKETING_VERSION = 1.2.3;
				PRODUCT_BUNDLE_IDENTIFIER = Stanislav.NavBar;
				PRODUCT_NAME = "$(TARGET_NAME)";
				SWIFT_VERSION = 5.0;
				TARGETED_DEVICE_FAMILY = "1,2";
			};
			name = Debug;
		};
		85F58FB023E411AC00A4752D /* Release */ = {
			isa = XCBuildConfiguration;
			baseConfigurationReference = 8D21F1E26A24871AD1DA36EA /* Pods-NavBar.release.xcconfig */;
			buildSettings = {
				ASSETCATALOG_COMPILER_APPICON_NAME = AppIcon;
				CODE_SIGN_STYLE = Automatic;
				CURRENT_PROJECT_VERSION = 2;
				DEVELOPMENT_TEAM = R58RUDK762;
				INFOPLIST_FILE = "$(SRCROOT)/NavBar/App/Info.plist";
				IPHONEOS_DEPLOYMENT_TARGET = 11.0;
				LD_RUNPATH_SEARCH_PATHS = (
					"$(inherited)",
					"@executable_path/Frameworks",
				);
				MARKETING_VERSION = 1.2.3;
				PRODUCT_BUNDLE_IDENTIFIER = Stanislav.NavBar;
				PRODUCT_NAME = "$(TARGET_NAME)";
				SWIFT_VERSION = 5.0;
				TARGETED_DEVICE_FAMILY = "1,2";
			};
			name = Release;
		};
/* End XCBuildConfiguration section */

/* Begin XCConfigurationList section */
		85F58F9523E411A700A4752D /* Build configuration list for PBXProject "NavBar" */ = {
			isa = XCConfigurationList;
			buildConfigurations = (
				85F58FAC23E411AC00A4752D /* Debug */,
				85F58FAD23E411AC00A4752D /* Release */,
			);
			defaultConfigurationIsVisible = 0;
			defaultConfigurationName = Release;
		};
		85F58FAE23E411AC00A4752D /* Build configuration list for PBXNativeTarget "NavBar" */ = {
			isa = XCConfigurationList;
			buildConfigurations = (
				85F58FAF23E411AC00A4752D /* Debug */,
				85F58FB023E411AC00A4752D /* Release */,
			);
			defaultConfigurationIsVisible = 0;
			defaultConfigurationName = Release;
		};
/* End XCConfigurationList section */
	};
	rootObject = 85F58F9223E411A700A4752D /* Project object */;
}
